{
  "lockfileVersion": 1,
  "workspaces": {
    "": {
      "name": "has_secure_passkey",
      "dependencies": {
        "@rails/request.js": "^0.0.12",
      },
    },
  },
  "packages": {
    "@rails/request.js": ["@rails/request.js@0.0.12", "", {}, "sha512-g3//JBja1s04Zflj7IoMLQuXza9i4ZvtLmm0r0dMwh1QQUs6rL2iKUOGGyERfLsd81SnXC5ucfVV//rtsDlEEA=="],
  }
}
